
Microsoft Visual Studio Solution File, Format Version 12.00
# Visual Studio Version 16
VisualStudioVersion = 16.0.31410.357
MinimumVisualStudioVersion = 10.0.40219.1
Project("{FAE04EC0-301F-11D3-BF4B-00C04F79EFBC}") = "Практика 12 (задача 2)", "Практика 12 (задача 2)\Практика 12 (задача 2).csproj", "{99585098-1F9F-4705-866C-94E575046C15}"
EndProject
Global
	GlobalSection(SolutionConfigurationPlatforms) = preSolution
		Debug|Any CPU = Debug|Any CPU
		Release|Any CPU = Release|Any CPU
	EndGlobalSection
	GlobalSection(ProjectConfigurationPlatforms) = postSolution
		{99585098-1F9F-4705-866C-94E575046C15}.Debug|Any CPU.ActiveCfg = Debug|Any CPU
		{99585098-1F9F-4705-866C-94E575046C15}.Debug|Any CPU.Build.0 = Debug|Any CPU
		{99585098-1F9F-4705-866C-94E575046C15}.Release|Any CPU.ActiveCfg = Release|Any CPU
		{99585098-1F9F-4705-866C-94E575046C15}.Release|Any CPU.Build.0 = Release|Any CPU
	EndGlobalSection
	GlobalSection(SolutionProperties) = preSolution
		HideSolutionNode = FALSE
	EndGlobalSection
	GlobalSection(ExtensibilityGlobals) = postSolution
		SolutionGuid = {0120F533-4576-4435-B8EC-C5230A5F5142}
	EndGlobalSection
EndGlobal
