
Microsoft Visual Studio Solution File, Format Version 12.00
# Visual Studio Version 16
VisualStudioVersion = 16.0.31410.357
MinimumVisualStudioVersion = 10.0.40219.1
Project("{FAE04EC0-301F-11D3-BF4B-00C04F79EFBC}") = "Практика 3", "Практика 3\Практика 3.csproj", "{3902125F-8F33-4D2D-BC85-BA9A708C54DA}"
EndProject
Global
	GlobalSection(SolutionConfigurationPlatforms) = preSolution
		Debug|Any CPU = Debug|Any CPU
		Release|Any CPU = Release|Any CPU
	EndGlobalSection
	GlobalSection(ProjectConfigurationPlatforms) = postSolution
		{3902125F-8F33-4D2D-BC85-BA9A708C54DA}.Debug|Any CPU.ActiveCfg = Debug|Any CPU
		{3902125F-8F33-4D2D-BC85-BA9A708C54DA}.Debug|Any CPU.Build.0 = Debug|Any CPU
		{3902125F-8F33-4D2D-BC85-BA9A708C54DA}.Release|Any CPU.ActiveCfg = Release|Any CPU
		{3902125F-8F33-4D2D-BC85-BA9A708C54DA}.Release|Any CPU.Build.0 = Release|Any CPU
	EndGlobalSection
	GlobalSection(SolutionProperties) = preSolution
		HideSolutionNode = FALSE
	EndGlobalSection
	GlobalSection(ExtensibilityGlobals) = postSolution
		SolutionGuid = {F0DD9265-693A-4ADF-8D99-2C6E7FA85339}
	EndGlobalSection
EndGlobal
